{
    "_readme": [
        "This file locks the dependencies of your project to a known state",
        "Read more about it at https://getcomposer.org/doc/01-basic-usage.md#installing-dependencies",
        "This file is @generated automatically"
    ],
    "content-hash": "ae68eeea660ecef366711477810ac244",
    "packages": [
        {
            "name": "chaseisabelle/pfuncs",
            "version": "dev-master",
            "source": {
                "type": "git",
                "url": "https://github.com/chaseisabelle/pfuncs.git",
                "reference": "cb6aa17ce13ab20d8acd4ea061d0a92fa9d44dec"
            },
            "dist": {
                "type": "zip",
                "url": "https://api.github.com/repos/chaseisabelle/pfuncs/zipball/cb6aa17ce13ab20d8acd4ea061d0a92fa9d44dec",
                "reference": "cb6aa17ce13ab20d8acd4ea061d0a92fa9d44dec",
                "shasum": ""
            },
            "type": "library",
            "autoload": {
                "files": [
                    "src/pfuncs.php"
                ]
            },
            "notification-url": "https://packagist.org/downloads/",
            "description": "a collection of useful php functions",
            "time": "2019-01-05T19:12:31+00:00"
        }
    ],
    "packages-dev": [],
    "aliases": [],
    "minimum-stability": "stable",
    "stability-flags": {
        "chaseisabelle/pfuncs": 20
    },
    "prefer-stable": false,
    "prefer-lowest": false,
    "platform": [],
    "platform-dev": []
}
